Microsoft Visual Studio Solution File, Format Version 12.00
# Visual Studio Version 17
VisualStudioVersion = 17.5.2.0
MinimumVisualStudioVersion = 10.0.40219.1
Project("{FAE04EC0-301F-11D3-BF4B-00C04F79EFBC}") = "TietokantaAPI", "TietokantaAPI.csproj", "{B60A868F-1FC4-6CBF-266B-DD53A14011A4}"
EndProject
Global
	GlobalSection(SolutionConfigurationPlatforms) = preSolution
		Debug|Any CPU = Debug|Any CPU
		Release|Any CPU = Release|Any CPU
	EndGlobalSection
	GlobalSection(ProjectConfigurationPlatforms) = postSolution
		{B60A868F-1FC4-6CBF-266B-DD53A14011A4}.Debug|Any CPU.ActiveCfg = Debug|Any CPU
		{B60A868F-1FC4-6CBF-266B-DD53A14011A4}.Debug|Any CPU.Build.0 = Debug|Any CPU
		{B60A868F-1FC4-6CBF-266B-DD53A14011A4}.Release|Any CPU.ActiveCfg = Release|Any CPU
		{B60A868F-1FC4-6CBF-266B-DD53A14011A4}.Release|Any CPU.Build.0 = Release|Any CPU
	EndGlobalSection
	GlobalSection(SolutionProperties) = preSolution
		HideSolutionNode = FALSE
	EndGlobalSection
	GlobalSection(ExtensibilityGlobals) = postSolution
		SolutionGuid = {EBB011AE-BBFE-4460-A1B7-1ED3E3DC2BF7}
		SolutionGuid = {20A66FBB-A423-454D-BCF5-EFC069321F3F}
	EndGlobalSection
EndGlobal
